// !$*UTF8*$!
{
	archiveVersion = 1;
	classes = {
	};
	objectVersion = 55;
	objects = {

/* Begin PBXBuildFile section */
		58B128252900F19900012791 /* WeatherApp.swift in Sources */ = {isa = PBXBuildFile; fileRef = 58B128242900F19900012791 /* WeatherApp.swift */; };
		58B128272900F19900012791 /* ContentView.swift in Sources */ = {isa = PBXBuildFile; fileRef = 58B128262900F19900012791 /* ContentView.swift */; };
		58B128292900F19A00012791 /* Assets.xcassets in Resources */ = {isa = PBXBuildFile; fileRef = 58B128282900F19A00012791 /* Assets.xcassets */; };
		58B1282C2900F19A00012791 /* Preview Assets.xcassets in Resources */ = {isa = PBXBuildFile; fileRef = 58B1282B2900F19A00012791 /* Preview Assets.xcassets */; };
		58B1283A2900F7E900012791 /* Extensions.swift in Sources */ = {isa = PBXBuildFile; fileRef = 58B128392900F7E900012791 /* Extensions.swift */; };
		58B1283E2900FA1700012791 /* HomeView.swift in Sources */ = {isa = PBXBuildFile; fileRef = 58B1283D2900FA1700012791 /* HomeView.swift */; };
		58B12840290242AB00012791 /* TabBar.swift in Sources */ = {isa = PBXBuildFile; fileRef = 58B1283F290242AB00012791 /* TabBar.swift */; };
		58B128422902474A00012791 /* Shapes.swift in Sources */ = {isa = PBXBuildFile; fileRef = 58B128412902474A00012791 /* Shapes.swift */; };
		58B128452902511F00012791 /* BottomSheet in Frameworks */ = {isa = PBXBuildFile; productRef = 58B128442902511F00012791 /* BottomSheet */; };
		58B12847290254E800012791 /* ForecastView.swift in Sources */ = {isa = PBXBuildFile; fileRef = 58B12846290254E800012791 /* ForecastView.swift */; };
		58B1284929025E4A00012791 /* Blur.swift in Sources */ = {isa = PBXBuildFile; fileRef = 58B1284829025E4A00012791 /* Blur.swift */; };
		58B1284B2903B2E100012791 /* SegmentedControl.swift in Sources */ = {isa = PBXBuildFile; fileRef = 58B1284A2903B2E100012791 /* SegmentedControl.swift */; };
/* End PBXBuildFile section */

/* Begin PBXFileReference section */
		58B128212900F19900012791 /* Weather.app */ = {isa = PBXFileReference; explicitFileType = wrapper.application; includeInIndex = 0; path = Weather.app; sourceTree = BUILT_PRODUCTS_DIR; };
		58B128242900F19900012791 /* WeatherApp.swift */ = {isa = PBXFileReference; lastKnownFileType = sourcecode.swift; path = WeatherApp.swift; sourceTree = "<group>"; };
		58B128262900F19900012791 /* ContentView.swift */ = {isa = PBXFileReference; lastKnownFileType = sourcecode.swift; path = ContentView.swift; sourceTree = "<group>"; };
		58B128282900F19A00012791 /* Assets.xcassets */ = {isa = PBXFileReference; lastKnownFileType = folder.assetcatalog; path = Assets.xcassets; sourceTree = "<group>"; };
		58B1282B2900F19A00012791 /* Preview Assets.xcassets */ = {isa = PBXFileReference; lastKnownFileType = folder.assetcatalog; path = "Preview Assets.xcassets"; sourceTree = "<group>"; };
		58B128392900F7E900012791 /* Extensions.swift */ = {isa = PBXFileReference; lastKnownFileType = sourcecode.swift; path = Extensions.swift; sourceTree = "<group>"; };
		58B1283D2900FA1700012791 /* HomeView.swift */ = {isa = PBXFileReference; lastKnownFileType = sourcecode.swift; path = HomeView.swift; sourceTree = "<group>"; };
		58B1283F290242AB00012791 /* TabBar.swift */ = {isa = PBXFileReference; lastKnownFileType = sourcecode.swift; path = TabBar.swift; sourceTree = "<group>"; };
		58B128412902474A00012791 /* Shapes.swift */ = {isa = PBXFileReference; lastKnownFileType = sourcecode.swift; path = Shapes.swift; sourceTree = "<group>"; };
		58B12846290254E800012791 /* ForecastView.swift */ = {isa = PBXFileReference; lastKnownFileType = sourcecode.swift; path = ForecastView.swift; sourceTree = "<group>"; };
		58B1284829025E4A00012791 /* Blur.swift */ = {isa = PBXFileReference; lastKnownFileType = sourcecode.swift; path = Blur.swift; sourceTree = "<group>"; };
		58B1284A2903B2E100012791 /* SegmentedControl.swift */ = {isa = PBXFileReference; lastKnownFileType = sourcecode.swift; path = SegmentedControl.swift; sourceTree = "<group>"; };
/* End PBXFileReference section */

/* Begin PBXFrameworksBuildPhase section */
		58B1281E2900F19900012791 /* Frameworks */ = {
			isa = PBXFrameworksBuildPhase;
			buildActionMask = 2147483647;
			files = (
				58B128452902511F00012791 /* BottomSheet in Frameworks */,
			);
			runOnlyForDeploymentPostprocessing = 0;
		};
/* End PBXFrameworksBuildPhase section */

/* Begin PBXGroup section */
		58B128182900F19900012791 = {
			isa = PBXGroup;
			children = (
				58B128232900F19900012791 /* Weather */,
				58B128222900F19900012791 /* Products */,
			);
			sourceTree = "<group>";
		};
		58B128222900F19900012791 /* Products */ = {
			isa = PBXGroup;
			children = (
				58B128212900F19900012791 /* Weather.app */,
			);
			name = Products;
			sourceTree = "<group>";
		};
		58B128232900F19900012791 /* Weather */ = {
			isa = PBXGroup;
			children = (
				58B128242900F19900012791 /* WeatherApp.swift */,
				58B128322900F5BE00012791 /* Views */,
				58B128332900F5C800012791 /* Models */,
				58B128342900F5D100012791 /* Utils */,
				58B128282900F19A00012791 /* Assets.xcassets */,
				58B1282A2900F19A00012791 /* Preview Content */,
			);
			path = Weather;
			sourceTree = "<group>";
		};
		58B1282A2900F19A00012791 /* Preview Content */ = {
			isa = PBXGroup;
			children = (
				58B1282B2900F19A00012791 /* Preview Assets.xcassets */,
			);
			path = "Preview Content";
			sourceTree = "<group>";
		};
		58B128322900F5BE00012791 /* Views */ = {
			isa = PBXGroup;
			children = (
				58B128352900F5FC00012791 /* Main */,
				58B128362900F61500012791 /* Navigation */,
				58B128372900F61C00012791 /* Detail */,
				58B128382900F62300012791 /* Components */,
			);
			path = Views;
			sourceTree = "<group>";
		};
		58B128332900F5C800012791 /* Models */ = {
			isa = PBXGroup;
			children = (
			);
			path = Models;
			sourceTree = "<group>";
		};
		58B128342900F5D100012791 /* Utils */ = {
			isa = PBXGroup;
			children = (
				58B128392900F7E900012791 /* Extensions.swift */,
				58B128412902474A00012791 /* Shapes.swift */,
			);
			path = Utils;
			sourceTree = "<group>";
		};
		58B128352900F5FC00012791 /* Main */ = {
			isa = PBXGroup;
			children = (
				58B128262900F19900012791 /* ContentView.swift */,
				58B1283D2900FA1700012791 /* HomeView.swift */,
			);
			path = Main;
			sourceTree = "<group>";
		};
		58B128362900F61500012791 /* Navigation */ = {
			isa = PBXGroup;
			children = (
				58B1283F290242AB00012791 /* TabBar.swift */,
			);
			path = Navigation;
			sourceTree = "<group>";
		};
		58B128372900F61C00012791 /* Detail */ = {
			isa = PBXGroup;
			children = (
				58B12846290254E800012791 /* ForecastView.swift */,
			);
			path = Detail;
			sourceTree = "<group>";
		};
		58B128382900F62300012791 /* Components */ = {
			isa = PBXGroup;
			children = (
				58B1284829025E4A00012791 /* Blur.swift */,
				58B1284A2903B2E100012791 /* SegmentedControl.swift */,
			);
			path = Components;
			sourceTree = "<group>";
		};
/* End PBXGroup section */

/* Begin PBXNativeTarget section */
		58B128202900F19900012791 /* Weather */ = {
			isa = PBXNativeTarget;
			buildConfigurationList = 58B1282F2900F19A00012791 /* Build configuration list for PBXNativeTarget "Weather" */;
			buildPhases = (
				58B1281D2900F19900012791 /* Sources */,
				58B1281E2900F19900012791 /* Frameworks */,
				58B1281F2900F19900012791 /* Resources */,
			);
			buildRules = (
			);
			dependencies = (
			);
			name = Weather;
			packageProductDependencies = (
				58B128442902511F00012791 /* BottomSheet */,
			);
			productName = Weather;
			productReference = 58B128212900F19900012791 /* Weather.app */;
			productType = "com.apple.product-type.application";
		};
/* End PBXNativeTarget section */

/* Begin PBXProject section */
		58B128192900F19900012791 /* Project object */ = {
			isa = PBXProject;
			attributes = {
				BuildIndependentTargetsInParallel = 1;
				LastSwiftUpdateCheck = 1340;
				LastUpgradeCheck = 1340;
				TargetAttributes = {
					58B128202900F19900012791 = {
						CreatedOnToolsVersion = 13.4.1;
					};
				};
			};
			buildConfigurationList = 58B1281C2900F19900012791 /* Build configuration list for PBXProject "Weather" */;
			compatibilityVersion = "Xcode 13.0";
			developmentRegion = en;
			hasScannedForEncodings = 0;
			knownRegions = (
				en,
				Base,
			);
			mainGroup = 58B128182900F19900012791;
			packageReferences = (
				58B128432902511F00012791 /* XCRemoteSwiftPackageReference "BottomSheet" */,
			);
			productRefGroup = 58B128222900F19900012791 /* Products */;
			projectDirPath = "";
			projectRoot = "";
			targets = (
				58B128202900F19900012791 /* Weather */,
			);
		};
/* End PBXProject section */

/* Begin PBXResourcesBuildPhase section */
		58B1281F2900F19900012791 /* Resources */ = {
			isa = PBXResourcesBuildPhase;
			buildActionMask = 2147483647;
			files = (
				58B1282C2900F19A00012791 /* Preview Assets.xcassets in Resources */,
				58B128292900F19A00012791 /* Assets.xcassets in Resources */,
			);
			runOnlyForDeploymentPostprocessing = 0;
		};
/* End PBXResourcesBuildPhase section */

/* Begin PBXSourcesBuildPhase section */
		58B1281D2900F19900012791 /* Sources */ = {
			isa = PBXSourcesBuildPhase;
			buildActionMask = 2147483647;
			files = (
				58B128272900F19900012791 /* ContentView.swift in Sources */,
				58B1284B2903B2E100012791 /* SegmentedControl.swift in Sources */,
				58B1283E2900FA1700012791 /* HomeView.swift in Sources */,
				58B1284929025E4A00012791 /* Blur.swift in Sources */,
				58B1283A2900F7E900012791 /* Extensions.swift in Sources */,
				58B128252900F19900012791 /* WeatherApp.swift in Sources */,
				58B12847290254E800012791 /* ForecastView.swift in Sources */,
				58B12840290242AB00012791 /* TabBar.swift in Sources */,
				58B128422902474A00012791 /* Shapes.swift in Sources */,
			);
			runOnlyForDeploymentPostprocessing = 0;
		};
/* End PBXSourcesBuildPhase section */

/* Begin XCBuildConfiguration section */
		58B1282D2900F19A00012791 /* Debug */ = {
			isa = XCBuildConfiguration;
			buildSettings = {
				ALWAYS_SEARCH_USER_PATHS = NO;
				CLANG_ANALYZER_NONNULL = YES;
				CLANG_ANALYZER_NUMBER_OBJECT_CONVERSION = YES_AGGRESSIVE;
				CLANG_CXX_LANGUAGE_STANDARD = "gnu++17";
				CLANG_ENABLE_MODULES = YES;
				CLANG_ENABLE_OBJC_ARC = YES;
				CLANG_ENABLE_OBJC_WEAK = YES;
				CLANG_WARN_BLOCK_CAPTURE_AUTORELEASING = YES;
				CLANG_WARN_BOOL_CONVERSION = YES;
				CLANG_WARN_COMMA = YES;
				CLANG_WARN_CONSTANT_CONVERSION = YES;
				CLANG_WARN_DEPRECATED_OBJC_IMPLEMENTATIONS = YES;
				CLANG_WARN_DIRECT_OBJC_ISA_USAGE = YES_ERROR;
				CLANG_WARN_DOCUMENTATION_COMMENTS = YES;
				CLANG_WARN_EMPTY_BODY = YES;
				CLANG_WARN_ENUM_CONVERSION = YES;
				CLANG_WARN_INFINITE_RECURSION = YES;
				CLANG_WARN_INT_CONVERSION = YES;
				CLANG_WARN_NON_LITERAL_NULL_CONVERSION = YES;
				CLANG_WARN_OBJC_IMPLICIT_RETAIN_SELF = YES;
				CLANG_WARN_OBJC_LITERAL_CONVERSION = YES;
				CLANG_WARN_OBJC_ROOT_CLASS = YES_ERROR;
				CLANG_WARN_QUOTED_INCLUDE_IN_FRAMEWORK_HEADER = YES;
				CLANG_WARN_RANGE_LOOP_ANALYSIS = YES;
				CLANG_WARN_STRICT_PROTOTYPES = YES;
				CLANG_WARN_SUSPICIOUS_MOVE = YES;
				CLANG_WARN_UNGUARDED_AVAILABILITY = YES_AGGRESSIVE;
				CLANG_WARN_UNREACHABLE_CODE = YES;
				CLANG_WARN__DUPLICATE_METHOD_MATCH = YES;
				COPY_PHASE_STRIP = NO;
				DEBUG_INFORMATION_FORMAT = dwarf;
				ENABLE_STRICT_OBJC_MSGSEND = YES;
				ENABLE_TESTABILITY = YES;
				GCC_C_LANGUAGE_STANDARD = gnu11;
				GCC_DYNAMIC_NO_PIC = NO;
				GCC_NO_COMMON_BLOCKS = YES;
				GCC_OPTIMIZATION_LEVEL = 0;
				GCC_PREPROCESSOR_DEFINITIONS = (
					"DEBUG=1",
					"$(inherited)",
				);
				GCC_WARN_64_TO_32_BIT_CONVERSION = YES;
				GCC_WARN_ABOUT_RETURN_TYPE = YES_ERROR;
				GCC_WARN_UNDECLARED_SELECTOR = YES;
				GCC_WARN_UNINITIALIZED_AUTOS = YES_AGGRESSIVE;
				GCC_WARN_UNUSED_FUNCTION = YES;
				GCC_WARN_UNUSED_VARIABLE = YES;
				IPHONEOS_DEPLOYMENT_TARGET = 15.5;
				MTL_ENABLE_DEBUG_INFO = INCLUDE_SOURCE;
				MTL_FAST_MATH = YES;
				ONLY_ACTIVE_ARCH = YES;
				SDKROOT = iphoneos;
				SWIFT_ACTIVE_COMPILATION_CONDITIONS = DEBUG;
				SWIFT_OPTIMIZATION_LEVEL = "-Onone";
			};
			name = Debug;
		};
		58B1282E2900F19A00012791 /* Release */ = {
			isa = XCBuildConfiguration;
			buildSettings = {
				ALWAYS_SEARCH_USER_PATHS = NO;
				CLANG_ANALYZER_NONNULL = YES;
				CLANG_ANALYZER_NUMBER_OBJECT_CONVERSION = YES_AGGRESSIVE;
				CLANG_CXX_LANGUAGE_STANDARD = "gnu++17";
				CLANG_ENABLE_MODULES = YES;
				CLANG_ENABLE_OBJC_ARC = YES;
				CLANG_ENABLE_OBJC_WEAK = YES;
				CLANG_WARN_BLOCK_CAPTURE_AUTORELEASING = YES;
				CLANG_WARN_BOOL_CONVERSION = YES;
				CLANG_WARN_COMMA = YES;
				CLANG_WARN_CONSTANT_CONVERSION = YES;
				CLANG_WARN_DEPRECATED_OBJC_IMPLEMENTATIONS = YES;
				CLANG_WARN_DIRECT_OBJC_ISA_USAGE = YES_ERROR;
				CLANG_WARN_DOCUMENTATION_COMMENTS = YES;
				CLANG_WARN_EMPTY_BODY = YES;
				CLANG_WARN_ENUM_CONVERSION = YES;
				CLANG_WARN_INFINITE_RECURSION = YES;
				CLANG_WARN_INT_CONVERSION = YES;
				CLANG_WARN_NON_LITERAL_NULL_CONVERSION = YES;
				CLANG_WARN_OBJC_IMPLICIT_RETAIN_SELF = YES;
				CLANG_WARN_OBJC_LITERAL_CONVERSION = YES;
				CLANG_WARN_OBJC_ROOT_CLASS = YES_ERROR;
				CLANG_WARN_QUOTED_INCLUDE_IN_FRAMEWORK_HEADER = YES;
				CLANG_WARN_RANGE_LOOP_ANALYSIS = YES;
				CLANG_WARN_STRICT_PROTOTYPES = YES;
				CLANG_WARN_SUSPICIOUS_MOVE = YES;
				CLANG_WARN_UNGUARDED_AVAILABILITY = YES_AGGRESSIVE;
				CLANG_WARN_UNREACHABLE_CODE = YES;
				CLANG_WARN__DUPLICATE_METHOD_MATCH = YES;
				COPY_PHASE_STRIP = NO;
				DEBUG_INFORMATION_FORMAT = "dwarf-with-dsym";
				ENABLE_NS_ASSERTIONS = NO;
				ENABLE_STRICT_OBJC_MSGSEND = YES;
				GCC_C_LANGUAGE_STANDARD = gnu11;
				GCC_NO_COMMON_BLOCKS = YES;
				GCC_WARN_64_TO_32_BIT_CONVERSION = YES;
				GCC_WARN_ABOUT_RETURN_TYPE = YES_ERROR;
				GCC_WARN_UNDECLARED_SELECTOR = YES;
				GCC_WARN_UNINITIALIZED_AUTOS = YES_AGGRESSIVE;
				GCC_WARN_UNUSED_FUNCTION = YES;
				GCC_WARN_UNUSED_VARIABLE = YES;
				IPHONEOS_DEPLOYMENT_TARGET = 15.5;
				MTL_ENABLE_DEBUG_INFO = NO;
				MTL_FAST_MATH = YES;
				SDKROOT = iphoneos;
				SWIFT_COMPILATION_MODE = wholemodule;
				SWIFT_OPTIMIZATION_LEVEL = "-O";
				VALIDATE_PRODUCT = YES;
			};
			name = Release;
		};
		58B128302900F19A00012791 /* Debug */ = {
			isa = XCBuildConfiguration;
			buildSettings = {
				ASSETCATALOG_COMPILER_APPICON_NAME = AppIcon;
				ASSETCATALOG_COMPILER_GLOBAL_ACCENT_COLOR_NAME = AccentColor;
				CODE_SIGN_STYLE = Automatic;
				CURRENT_PROJECT_VERSION = 1;
				DEVELOPMENT_ASSET_PATHS = "\"Weather/Preview Content\"";
				DEVELOPMENT_TEAM = W3YW45WJ7B;
				ENABLE_PREVIEWS = YES;
				GENERATE_INFOPLIST_FILE = YES;
				INFOPLIST_KEY_UIApplicationSceneManifest_Generation = YES;
				INFOPLIST_KEY_UIApplicationSupportsIndirectInputEvents = YES;
				INFOPLIST_KEY_UILaunchScreen_Generation = YES;
				INFOPLIST_KEY_UISupportedInterfaceOrientations_iPad = "UIInterfaceOrientationPortrait UIInterfaceOrientationPortraitUpsideDown UIInterfaceOrientationLandscapeLeft UIInterfaceOrientationLandscapeRight";
				INFOPLIST_KEY_UISupportedInterfaceOrientations_iPhone = "UIInterfaceOrientationPortrait UIInterfaceOrientationLandscapeLeft UIInterfaceOrientationLandscapeRight";
				LD_RUNPATH_SEARCH_PATHS = (
					"$(inherited)",
					"@executable_path/Frameworks",
				);
				MARKETING_VERSION = 1.0;
				PRODUCT_BUNDLE_IDENTIFIER = Mitch.Weather;
				PRODUCT_NAME = "$(TARGET_NAME)";
				SWIFT_EMIT_LOC_STRINGS = YES;
				SWIFT_VERSION = 5.0;
				TARGETED_DEVICE_FAMILY = "1,2";
			};
			name = Debug;
		};
		58B128312900F19A00012791 /* Release */ = {
			isa = XCBuildConfiguration;
			buildSettings = {
				ASSETCATALOG_COMPILER_APPICON_NAME = AppIcon;
				ASSETCATALOG_COMPILER_GLOBAL_ACCENT_COLOR_NAME = AccentColor;
				CODE_SIGN_STYLE = Automatic;
				CURRENT_PROJECT_VERSION = 1;
				DEVELOPMENT_ASSET_PATHS = "\"Weather/Preview Content\"";
				DEVELOPMENT_TEAM = W3YW45WJ7B;
				ENABLE_PREVIEWS = YES;
				GENERATE_INFOPLIST_FILE = YES;
				INFOPLIST_KEY_UIApplicationSceneManifest_Generation = YES;
				INFOPLIST_KEY_UIApplicationSupportsIndirectInputEvents = YES;
				INFOPLIST_KEY_UILaunchScreen_Generation = YES;
				INFOPLIST_KEY_UISupportedInterfaceOrientations_iPad = "UIInterfaceOrientationPortrait UIInterfaceOrientationPortraitUpsideDown UIInterfaceOrientationLandscapeLeft UIInterfaceOrientationLandscapeRight";
				INFOPLIST_KEY_UISupportedInterfaceOrientations_iPhone = "UIInterfaceOrientationPortrait UIInterfaceOrientationLandscapeLeft UIInterfaceOrientationLandscapeRight";
				LD_RUNPATH_SEARCH_PATHS = (
					"$(inherited)",
					"@executable_path/Frameworks",
				);
				MARKETING_VERSION = 1.0;
				PRODUCT_BUNDLE_IDENTIFIER = Mitch.Weather;
				PRODUCT_NAME = "$(TARGET_NAME)";
				SWIFT_EMIT_LOC_STRINGS = YES;
				SWIFT_VERSION = 5.0;
				TARGETED_DEVICE_FAMILY = "1,2";
			};
			name = Release;
		};
/* End XCBuildConfiguration section */

/* Begin XCConfigurationList section */
		58B1281C2900F19900012791 /* Build configuration list for PBXProject "Weather" */ = {
			isa = XCConfigurationList;
			buildConfigurations = (
				58B1282D2900F19A00012791 /* Debug */,
				58B1282E2900F19A00012791 /* Release */,
			);
			defaultConfigurationIsVisible = 0;
			defaultConfigurationName = Release;
		};
		58B1282F2900F19A00012791 /* Build configuration list for PBXNativeTarget "Weather" */ = {
			isa = XCConfigurationList;
			buildConfigurations = (
				58B128302900F19A00012791 /* Debug */,
				58B128312900F19A00012791 /* Release */,
			);
			defaultConfigurationIsVisible = 0;
			defaultConfigurationName = Release;
		};
/* End XCConfigurationList section */

/* Begin XCRemoteSwiftPackageReference section */
		58B128432902511F00012791 /* XCRemoteSwiftPackageReference "BottomSheet" */ = {
			isa = XCRemoteSwiftPackageReference;
			repositoryURL = "https://github.com/Wouter125/BottomSheet";
			requirement = {
				branch = main;
				kind = branch;
			};
		};
/* End XCRemoteSwiftPackageReference section */

/* Begin XCSwiftPackageProductDependency section */
		58B128442902511F00012791 /* BottomSheet */ = {
			isa = XCSwiftPackageProductDependency;
			package = 58B128432902511F00012791 /* XCRemoteSwiftPackageReference "BottomSheet" */;
			productName = BottomSheet;
		};
/* End XCSwiftPackageProductDependency section */
	};
	rootObject = 58B128192900F19900012791 /* Project object */;
}
